PODS:
  - app_installer (0.1.0):
    - Flutter
  - Flutter (1.0.0)

DEPENDENCIES:
  - app_installer (from `.symlinks/plugins/app_installer/ios`)
  - Flutter (from `.symlinks/flutter/ios`)

EXTERNAL SOURCES:
  app_installer:
    :path: ".symlinks/plugins/app_installer/ios"
  Flutter:
    :path: ".symlinks/flutter/ios"

SPEC CHECKSUMS:
  app_installer: c0d3e58ec1f19df67307d7e988d5e0ccf8a47a52
  Flutter: 58dd7d1b27887414a370fcccb9e645c08ffd7a6a

PODFILE CHECKSUM: 7fb83752f59ead6285236625b82473f90b1cb932

COCOAPODS: 1.7.3
